
Microsoft Visual Studio Solution File, Format Version 12.00
# Visual Studio Version 17
VisualStudioVersion = 17.7.34031.279
MinimumVisualStudioVersion = 10.0.40219.1
Project("{FAE04EC0-301F-11D3-BF4B-00C04F79EFBC}") = "Otils_Monnaie", "Otils_Monnaie.csproj", "{F7953222-5077-4C9D-BAA5-75586B415CA7}"
EndProject
Global
	GlobalSection(SolutionConfigurationPlatforms) = preSolution
		Debug|Any CPU = Debug|Any CPU
		Release|Any CPU = Release|Any CPU
	EndGlobalSection
	GlobalSection(ProjectConfigurationPlatforms) = postSolution
		{F7953222-5077-4C9D-BAA5-75586B415CA7}.Debug|Any CPU.ActiveCfg = Debug|Any CPU
		{F7953222-5077-4C9D-BAA5-75586B415CA7}.Debug|Any CPU.Build.0 = Debug|Any CPU
		{F7953222-5077-4C9D-BAA5-75586B415CA7}.Release|Any CPU.ActiveCfg = Release|Any CPU
		{F7953222-5077-4C9D-BAA5-75586B415CA7}.Release|Any CPU.Build.0 = Release|Any CPU
	EndGlobalSection
	GlobalSection(SolutionProperties) = preSolution
		HideSolutionNode = FALSE
	EndGlobalSection
	GlobalSection(ExtensibilityGlobals) = postSolution
		SolutionGuid = {DDDBF28C-EB6A-42EC-BEED-CA34B6EE6511}
	EndGlobalSection
EndGlobal
